
Microsoft Visual Studio Solution File, Format Version 12.00
# Visual Studio 15
VisualStudioVersion = 15.0.28307.902
MinimumVisualStudioVersion = 10.0.40219.1
Project("{8BC9CEB8-8B4A-11D0-8D11-00A0C91BC942}") = "imgReader", "imgReader\imgReader.vcxproj", "{AEA45F7D-4B51-4C71-8613-3E9911BA3D75}"
EndProject
Global
	GlobalSection(SolutionConfigurationPlatforms) = preSolution
		Debug|x64 = Debug|x64
		Debug|x86 = Debug|x86
		Release|x64 = Release|x64
		Release|x86 = Release|x86
	EndGlobalSection
	GlobalSection(ProjectConfigurationPlatforms) = postSolution
		{AEA45F7D-4B51-4C71-8613-3E9911BA3D75}.Debug|x64.ActiveCfg = Debug|x64
		{AEA45F7D-4B51-4C71-8613-3E9911BA3D75}.Debug|x64.Build.0 = Debug|x64
		{AEA45F7D-4B51-4C71-8613-3E9911BA3D75}.Debug|x86.ActiveCfg = Debug|Win32
		{AEA45F7D-4B51-4C71-8613-3E9911BA3D75}.Debug|x86.Build.0 = Debug|Win32
		{AEA45F7D-4B51-4C71-8613-3E9911BA3D75}.Release|x64.ActiveCfg = Release|x64
		{AEA45F7D-4B51-4C71-8613-3E9911BA3D75}.Release|x64.Build.0 = Release|x64
		{AEA45F7D-4B51-4C71-8613-3E9911BA3D75}.Release|x86.ActiveCfg = Release|Win32
		{AEA45F7D-4B51-4C71-8613-3E9911BA3D75}.Release|x86.Build.0 = Release|Win32
	EndGlobalSection
	GlobalSection(SolutionProperties) = preSolution
		HideSolutionNode = FALSE
	EndGlobalSection
	GlobalSection(ExtensibilityGlobals) = postSolution
		SolutionGuid = {C9AFA695-3CFA-46F2-9438-6350A141177D}
	EndGlobalSection
EndGlobal
